// !$*UTF8*$!
{
	archiveVersion = 1;
	classes = {
	};
	objectVersion = 50;
	objects = {

/* Begin PBXBuildFile section */
		DC17640926CD587900F6F617 /* AppDelegate.swift in Sources */ = {isa = PBXBuildFile; fileRef = DC17640826CD587900F6F617 /* AppDelegate.swift */; };
		DC17640B26CD587900F6F617 /* SceneDelegate.swift in Sources */ = {isa = PBXBuildFile; fileRef = DC17640A26CD587900F6F617 /* SceneDelegate.swift */; };
		DC17640D26CD587900F6F617 /* ViewController.swift in Sources */ = {isa = PBXBuildFile; fileRef = DC17640C26CD587900F6F617 /* ViewController.swift */; };
		DC17641026CD587900F6F617 /* Main.storyboard in Resources */ = {isa = PBXBuildFile; fileRef = DC17640E26CD587900F6F617 /* Main.storyboard */; };
		DC17641226CD587A00F6F617 /* Assets.xcassets in Resources */ = {isa = PBXBuildFile; fileRef = DC17641126CD587A00F6F617 /* Assets.xcassets */; };
		DC17641526CD587A00F6F617 /* LaunchScreen.storyboard in Resources */ = {isa = PBXBuildFile; fileRef = DC17641326CD587A00F6F617 /* LaunchScreen.storyboard */; };
		DC17641D26CD5A7D00F6F617 /* CryptoTableViewCell.swift in Sources */ = {isa = PBXBuildFile; fileRef = DC17641C26CD5A7D00F6F617 /* CryptoTableViewCell.swift */; };
		DC17642326CD725C00F6F617 /* CryptoCurrency.swift in Sources */ = {isa = PBXBuildFile; fileRef = DC17642226CD725C00F6F617 /* CryptoCurrency.swift */; };
		DCB401EF26CE9FA200DCA419 /* CryptoViewModel.swift in Sources */ = {isa = PBXBuildFile; fileRef = DCB401EE26CE9FA200DCA419 /* CryptoViewModel.swift */; };
		DCDCF15926CE96AB004BC28E /* Webservice.swift in Sources */ = {isa = PBXBuildFile; fileRef = DCDCF15826CE96AB004BC28E /* Webservice.swift */; };
/* End PBXBuildFile section */

/* Begin PBXFileReference section */
		DC17640526CD587900F6F617 /* CryptoMarket.app */ = {isa = PBXFileReference; explicitFileType = wrapper.application; includeInIndex = 0; path = CryptoMarket.app; sourceTree = BUILT_PRODUCTS_DIR; };
		DC17640826CD587900F6F617 /* AppDelegate.swift */ = {isa = PBXFileReference; lastKnownFileType = sourcecode.swift; path = AppDelegate.swift; sourceTree = "<group>"; };
		DC17640A26CD587900F6F617 /* SceneDelegate.swift */ = {isa = PBXFileReference; lastKnownFileType = sourcecode.swift; path = SceneDelegate.swift; sourceTree = "<group>"; };
		DC17640C26CD587900F6F617 /* ViewController.swift */ = {isa = PBXFileReference; lastKnownFileType = sourcecode.swift; path = ViewController.swift; sourceTree = "<group>"; };
		DC17640F26CD587900F6F617 /* Base */ = {isa = PBXFileReference; lastKnownFileType = file.storyboard; name = Base; path = Base.lproj/Main.storyboard; sourceTree = "<group>"; };
		DC17641126CD587A00F6F617 /* Assets.xcassets */ = {isa = PBXFileReference; lastKnownFileType = folder.assetcatalog; path = Assets.xcassets; sourceTree = "<group>"; };
		DC17641426CD587A00F6F617 /* Base */ = {isa = PBXFileReference; lastKnownFileType = file.storyboard; name = Base; path = Base.lproj/LaunchScreen.storyboard; sourceTree = "<group>"; };
		DC17641626CD587A00F6F617 /* Info.plist */ = {isa = PBXFileReference; lastKnownFileType = text.plist.xml; path = Info.plist; sourceTree = "<group>"; };
		DC17641C26CD5A7D00F6F617 /* CryptoTableViewCell.swift */ = {isa = PBXFileReference; lastKnownFileType = sourcecode.swift; path = CryptoTableViewCell.swift; sourceTree = "<group>"; };
		DC17642226CD725C00F6F617 /* CryptoCurrency.swift */ = {isa = PBXFileReference; lastKnownFileType = sourcecode.swift; path = CryptoCurrency.swift; sourceTree = "<group>"; };
		DCB401EE26CE9FA200DCA419 /* CryptoViewModel.swift */ = {isa = PBXFileReference; lastKnownFileType = sourcecode.swift; path = CryptoViewModel.swift; sourceTree = "<group>"; };
		DCDCF15826CE96AB004BC28E /* Webservice.swift */ = {isa = PBXFileReference; lastKnownFileType = sourcecode.swift; path = Webservice.swift; sourceTree = "<group>"; };
/* End PBXFileReference section */

/* Begin PBXFrameworksBuildPhase section */
		DC17640226CD587900F6F617 /* Frameworks */ = {
			isa = PBXFrameworksBuildPhase;
			buildActionMask = 2147483647;
			files = (
			);
			runOnlyForDeploymentPostprocessing = 0;
		};
/* End PBXFrameworksBuildPhase section */

/* Begin PBXGroup section */
		DC1763FC26CD587900F6F617 = {
			isa = PBXGroup;
			children = (
				DC17640726CD587900F6F617 /* CryptoMarket */,
				DC17640626CD587900F6F617 /* Products */,
			);
			sourceTree = "<group>";
		};
		DC17640626CD587900F6F617 /* Products */ = {
			isa = PBXGroup;
			children = (
				DC17640526CD587900F6F617 /* CryptoMarket.app */,
			);
			name = Products;
			sourceTree = "<group>";
		};
		DC17640726CD587900F6F617 /* CryptoMarket */ = {
			isa = PBXGroup;
			children = (
				DC17642126CD71D400F6F617 /* Service */,
				DC17642026CD71CA00F6F617 /* ViewModel */,
				DC17641F26CD71BD00F6F617 /* Model */,
				DC17641E26CD71B200F6F617 /* View */,
				DC17640E26CD587900F6F617 /* Main.storyboard */,
				DC17641126CD587A00F6F617 /* Assets.xcassets */,
				DC17641326CD587A00F6F617 /* LaunchScreen.storyboard */,
				DC17641626CD587A00F6F617 /* Info.plist */,
			);
			path = CryptoMarket;
			sourceTree = "<group>";
		};
		DC17641E26CD71B200F6F617 /* View */ = {
			isa = PBXGroup;
			children = (
				DC17640826CD587900F6F617 /* AppDelegate.swift */,
				DC17640C26CD587900F6F617 /* ViewController.swift */,
				DC17641C26CD5A7D00F6F617 /* CryptoTableViewCell.swift */,
				DC17640A26CD587900F6F617 /* SceneDelegate.swift */,
			);
			path = View;
			sourceTree = "<group>";
		};
		DC17641F26CD71BD00F6F617 /* Model */ = {
			isa = PBXGroup;
			children = (
				DC17642226CD725C00F6F617 /* CryptoCurrency.swift */,
			);
			path = Model;
			sourceTree = "<group>";
		};
		DC17642026CD71CA00F6F617 /* ViewModel */ = {
			isa = PBXGroup;
			children = (
				DCB401EE26CE9FA200DCA419 /* CryptoViewModel.swift */,
			);
			path = ViewModel;
			sourceTree = "<group>";
		};
		DC17642126CD71D400F6F617 /* Service */ = {
			isa = PBXGroup;
			children = (
				DCDCF15826CE96AB004BC28E /* Webservice.swift */,
			);
			path = Service;
			sourceTree = "<group>";
		};
/* End PBXGroup section */

/* Begin PBXNativeTarget section */
		DC17640426CD587900F6F617 /* CryptoMarket */ = {
			isa = PBXNativeTarget;
			buildConfigurationList = DC17641926CD587A00F6F617 /* Build configuration list for PBXNativeTarget "CryptoMarket" */;
			buildPhases = (
				DC17640126CD587900F6F617 /* Sources */,
				DC17640226CD587900F6F617 /* Frameworks */,
				DC17640326CD587900F6F617 /* Resources */,
			);
			buildRules = (
			);
			dependencies = (
			);
			name = CryptoMarket;
			productName = CryptoMarket;
			productReference = DC17640526CD587900F6F617 /* CryptoMarket.app */;
			productType = "com.apple.product-type.application";
		};
/* End PBXNativeTarget section */

/* Begin PBXProject section */
		DC1763FD26CD587900F6F617 /* Project object */ = {
			isa = PBXProject;
			attributes = {
				LastSwiftUpdateCheck = 1250;
				LastUpgradeCheck = 1250;
				TargetAttributes = {
					DC17640426CD587900F6F617 = {
						CreatedOnToolsVersion = 12.5.1;
					};
				};
			};
			buildConfigurationList = DC17640026CD587900F6F617 /* Build configuration list for PBXProject "CryptoMarket" */;
			compatibilityVersion = "Xcode 9.3";
			developmentRegion = en;
			hasScannedForEncodings = 0;
			knownRegions = (
				en,
				Base,
			);
			mainGroup = DC1763FC26CD587900F6F617;
			productRefGroup = DC17640626CD587900F6F617 /* Products */;
			projectDirPath = "";
			projectRoot = "";
			targets = (
				DC17640426CD587900F6F617 /* CryptoMarket */,
			);
		};
/* End PBXProject section */

/* Begin PBXResourcesBuildPhase section */
		DC17640326CD587900F6F617 /* Resources */ = {
			isa = PBXResourcesBuildPhase;
			buildActionMask = 2147483647;
			files = (
				DC17641526CD587A00F6F617 /* LaunchScreen.storyboard in Resources */,
				DC17641226CD587A00F6F617 /* Assets.xcassets in Resources */,
				DC17641026CD587900F6F617 /* Main.storyboard in Resources */,
			);
			runOnlyForDeploymentPostprocessing = 0;
		};
/* End PBXResourcesBuildPhase section */

/* Begin PBXSourcesBuildPhase section */
		DC17640126CD587900F6F617 /* Sources */ = {
			isa = PBXSourcesBuildPhase;
			buildActionMask = 2147483647;
			files = (
				DC17641D26CD5A7D00F6F617 /* CryptoTableViewCell.swift in Sources */,
				DC17640D26CD587900F6F617 /* ViewController.swift in Sources */,
				DCDCF15926CE96AB004BC28E /* Webservice.swift in Sources */,
				DCB401EF26CE9FA200DCA419 /* CryptoViewModel.swift in Sources */,
				DC17640926CD587900F6F617 /* AppDelegate.swift in Sources */,
				DC17642326CD725C00F6F617 /* CryptoCurrency.swift in Sources */,
				DC17640B26CD587900F6F617 /* SceneDelegate.swift in Sources */,
			);
			runOnlyForDeploymentPostprocessing = 0;
		};
/* End PBXSourcesBuildPhase section */

/* Begin PBXVariantGroup section */
		DC17640E26CD587900F6F617 /* Main.storyboard */ = {
			isa = PBXVariantGroup;
			children = (
				DC17640F26CD587900F6F617 /* Base */,
			);
			name = Main.storyboard;
			sourceTree = "<group>";
		};
		DC17641326CD587A00F6F617 /* LaunchScreen.storyboard */ = {
			isa = PBXVariantGroup;
			children = (
				DC17641426CD587A00F6F617 /* Base */,
			);
			name = LaunchScreen.storyboard;
			sourceTree = "<group>";
		};
/* End PBXVariantGroup section */

/* Begin XCBuildConfiguration section */
		DC17641726CD587A00F6F617 /* Debug */ = {
			isa = XCBuildConfiguration;
			buildSettings = {
				ALWAYS_SEARCH_USER_PATHS = NO;
				CLANG_ANALYZER_NONNULL = YES;
				CLANG_ANALYZER_NUMBER_OBJECT_CONVERSION = YES_AGGRESSIVE;
				CLANG_CXX_LANGUAGE_STANDARD = "gnu++14";
				CLANG_CXX_LIBRARY = "libc++";
				CLANG_ENABLE_MODULES = YES;
				CLANG_ENABLE_OBJC_ARC = YES;
				CLANG_ENABLE_OBJC_WEAK = YES;
				CLANG_WARN_BLOCK_CAPTURE_AUTORELEASING = YES;
				CLANG_WARN_BOOL_CONVERSION = YES;
				CLANG_WARN_COMMA = YES;
				CLANG_WARN_CONSTANT_CONVERSION = YES;
				CLANG_WARN_DEPRECATED_OBJC_IMPLEMENTATIONS = YES;
				CLANG_WARN_DIRECT_OBJC_ISA_USAGE = YES_ERROR;
				CLANG_WARN_DOCUMENTATION_COMMENTS = YES;
				CLANG_WARN_EMPTY_BODY = YES;
				CLANG_WARN_ENUM_CONVERSION = YES;
				CLANG_WARN_INFINITE_RECURSION = YES;
				CLANG_WARN_INT_CONVERSION = YES;
				CLANG_WARN_NON_LITERAL_NULL_CONVERSION = YES;
				CLANG_WARN_OBJC_IMPLICIT_RETAIN_SELF = YES;
				CLANG_WARN_OBJC_LITERAL_CONVERSION = YES;
				CLANG_WARN_OBJC_ROOT_CLASS = YES_ERROR;
				CLANG_WARN_QUOTED_INCLUDE_IN_FRAMEWORK_HEADER = YES;
				CLANG_WARN_RANGE_LOOP_ANALYSIS = YES;
				CLANG_WARN_STRICT_PROTOTYPES = YES;
				CLANG_WARN_SUSPICIOUS_MOVE = YES;
				CLANG_WARN_UNGUARDED_AVAILABILITY = YES_AGGRESSIVE;
				CLANG_WARN_UNREACHABLE_CODE = YES;
				CLANG_WARN__DUPLICATE_METHOD_MATCH = YES;
				COPY_PHASE_STRIP = NO;
				DEBUG_INFORMATION_FORMAT = dwarf;
				ENABLE_STRICT_OBJC_MSGSEND = YES;
				ENABLE_TESTABILITY = YES;
				GCC_C_LANGUAGE_STANDARD = gnu11;
				GCC_DYNAMIC_NO_PIC = NO;
				GCC_NO_COMMON_BLOCKS = YES;
				GCC_OPTIMIZATION_LEVEL = 0;
				GCC_PREPROCESSOR_DEFINITIONS = (
					"DEBUG=1",
					"$(inherited)",
				);
				GCC_WARN_64_TO_32_BIT_CONVERSION = YES;
				GCC_WARN_ABOUT_RETURN_TYPE = YES_ERROR;
				GCC_WARN_UNDECLARED_SELECTOR = YES;
				GCC_WARN_UNINITIALIZED_AUTOS = YES_AGGRESSIVE;
				GCC_WARN_UNUSED_FUNCTION = YES;
				GCC_WARN_UNUSED_VARIABLE = YES;
				IPHONEOS_DEPLOYMENT_TARGET = 14.5;
				MTL_ENABLE_DEBUG_INFO = INCLUDE_SOURCE;
				MTL_FAST_MATH = YES;
				ONLY_ACTIVE_ARCH = YES;
				SDKROOT = iphoneos;
				SWIFT_ACTIVE_COMPILATION_CONDITIONS = DEBUG;
				SWIFT_OPTIMIZATION_LEVEL = "-Onone";
			};
			name = Debug;
		};
		DC17641826CD587A00F6F617 /* Release */ = {
			isa = XCBuildConfiguration;
			buildSettings = {
				ALWAYS_SEARCH_USER_PATHS = NO;
				CLANG_ANALYZER_NONNULL = YES;
				CLANG_ANALYZER_NUMBER_OBJECT_CONVERSION = YES_AGGRESSIVE;
				CLANG_CXX_LANGUAGE_STANDARD = "gnu++14";
				CLANG_CXX_LIBRARY = "libc++";
				CLANG_ENABLE_MODULES = YES;
				CLANG_ENABLE_OBJC_ARC = YES;
				CLANG_ENABLE_OBJC_WEAK = YES;
				CLANG_WARN_BLOCK_CAPTURE_AUTORELEASING = YES;
				CLANG_WARN_BOOL_CONVERSION = YES;
				CLANG_WARN_COMMA = YES;
				CLANG_WARN_CONSTANT_CONVERSION = YES;
				CLANG_WARN_DEPRECATED_OBJC_IMPLEMENTATIONS = YES;
				CLANG_WARN_DIRECT_OBJC_ISA_USAGE = YES_ERROR;
				CLANG_WARN_DOCUMENTATION_COMMENTS = YES;
				CLANG_WARN_EMPTY_BODY = YES;
				CLANG_WARN_ENUM_CONVERSION = YES;
				CLANG_WARN_INFINITE_RECURSION = YES;
				CLANG_WARN_INT_CONVERSION = YES;
				CLANG_WARN_NON_LITERAL_NULL_CONVERSION = YES;
				CLANG_WARN_OBJC_IMPLICIT_RETAIN_SELF = YES;
				CLANG_WARN_OBJC_LITERAL_CONVERSION = YES;
				CLANG_WARN_OBJC_ROOT_CLASS = YES_ERROR;
				CLANG_WARN_QUOTED_INCLUDE_IN_FRAMEWORK_HEADER = YES;
				CLANG_WARN_RANGE_LOOP_ANALYSIS = YES;
				CLANG_WARN_STRICT_PROTOTYPES = YES;
				CLANG_WARN_SUSPICIOUS_MOVE = YES;
				CLANG_WARN_UNGUARDED_AVAILABILITY = YES_AGGRESSIVE;
				CLANG_WARN_UNREACHABLE_CODE = YES;
				CLANG_WARN__DUPLICATE_METHOD_MATCH = YES;
				COPY_PHASE_STRIP = NO;
				DEBUG_INFORMATION_FORMAT = "dwarf-with-dsym";
				ENABLE_NS_ASSERTIONS = NO;
				ENABLE_STRICT_OBJC_MSGSEND = YES;
				GCC_C_LANGUAGE_STANDARD = gnu11;
				GCC_NO_COMMON_BLOCKS = YES;
				GCC_WARN_64_TO_32_BIT_CONVERSION = YES;
				GCC_WARN_ABOUT_RETURN_TYPE = YES_ERROR;
				GCC_WARN_UNDECLARED_SELECTOR = YES;
				GCC_WARN_UNINITIALIZED_AUTOS = YES_AGGRESSIVE;
				GCC_WARN_UNUSED_FUNCTION = YES;
				GCC_WARN_UNUSED_VARIABLE = YES;
				IPHONEOS_DEPLOYMENT_TARGET = 14.5;
				MTL_ENABLE_DEBUG_INFO = NO;
				MTL_FAST_MATH = YES;
				SDKROOT = iphoneos;
				SWIFT_COMPILATION_MODE = wholemodule;
				SWIFT_OPTIMIZATION_LEVEL = "-O";
				VALIDATE_PRODUCT = YES;
			};
			name = Release;
		};
		DC17641A26CD587A00F6F617 /* Debug */ = {
			isa = XCBuildConfiguration;
			buildSettings = {
				ASSETCATALOG_COMPILER_APPICON_NAME = AppIcon;
				ASSETCATALOG_COMPILER_GLOBAL_ACCENT_COLOR_NAME = AccentColor;
				CODE_SIGN_STYLE = Automatic;
				DEVELOPMENT_TEAM = NVN42XWXC5;
				INFOPLIST_FILE = CryptoMarket/Info.plist;
				LD_RUNPATH_SEARCH_PATHS = (
					"$(inherited)",
					"@executable_path/Frameworks",
				);
				PRODUCT_BUNDLE_IDENTIFIER = com.furkanerzurumlu.CryptoMarket;
				PRODUCT_NAME = "$(TARGET_NAME)";
				SWIFT_VERSION = 5.0;
				TARGETED_DEVICE_FAMILY = "1,2";
			};
			name = Debug;
		};
		DC17641B26CD587A00F6F617 /* Release */ = {
			isa = XCBuildConfiguration;
			buildSettings = {
				ASSETCATALOG_COMPILER_APPICON_NAME = AppIcon;
				ASSETCATALOG_COMPILER_GLOBAL_ACCENT_COLOR_NAME = AccentColor;
				CODE_SIGN_STYLE = Automatic;
				DEVELOPMENT_TEAM = NVN42XWXC5;
				INFOPLIST_FILE = CryptoMarket/Info.plist;
				LD_RUNPATH_SEARCH_PATHS = (
					"$(inherited)",
					"@executable_path/Frameworks",
				);
				PRODUCT_BUNDLE_IDENTIFIER = com.furkanerzurumlu.CryptoMarket;
				PRODUCT_NAME = "$(TARGET_NAME)";
				SWIFT_VERSION = 5.0;
				TARGETED_DEVICE_FAMILY = "1,2";
			};
			name = Release;
		};
/* End XCBuildConfiguration section */

/* Begin XCConfigurationList section */
		DC17640026CD587900F6F617 /* Build configuration list for PBXProject "CryptoMarket" */ = {
			isa = XCConfigurationList;
			buildConfigurations = (
				DC17641726CD587A00F6F617 /* Debug */,
				DC17641826CD587A00F6F617 /* Release */,
			);
			defaultConfigurationIsVisible = 0;
			defaultConfigurationName = Release;
		};
		DC17641926CD587A00F6F617 /* Build configuration list for PBXNativeTarget "CryptoMarket" */ = {
			isa = XCConfigurationList;
			buildConfigurations = (
				DC17641A26CD587A00F6F617 /* Debug */,
				DC17641B26CD587A00F6F617 /* Release */,
			);
			defaultConfigurationIsVisible = 0;
			defaultConfigurationName = Release;
		};
/* End XCConfigurationList section */
	};
	rootObject = DC1763FD26CD587900F6F617 /* Project object */;
}
